
Microsoft Visual Studio Solution File, Format Version 12.00
# Visual Studio Version 17
VisualStudioVersion = 17.14.36203.30 d17.14
MinimumVisualStudioVersion = 10.0.40219.1
Project("{FAE04EC0-301F-11D3-BF4B-00C04F79EFBC}") = "ECommerceAnalytics", "ECommerceAnalytics\ECommerceAnalytics.csproj", "{9F0C423B-0A7E-4807-9AB7-6D39D7E1DDAE}"
EndProject
Global
	GlobalSection(SolutionConfigurationPlatforms) = preSolution
		Debug|Any CPU = Debug|Any CPU
		Release|Any CPU = Release|Any CPU
	EndGlobalSection
	GlobalSection(ProjectConfigurationPlatforms) = postSolution
		{9F0C423B-0A7E-4807-9AB7-6D39D7E1DDAE}.Debug|Any CPU.ActiveCfg = Debug|Any CPU
		{9F0C423B-0A7E-4807-9AB7-6D39D7E1DDAE}.Debug|Any CPU.Build.0 = Debug|Any CPU
		{9F0C423B-0A7E-4807-9AB7-6D39D7E1DDAE}.Release|Any CPU.ActiveCfg = Release|Any CPU
		{9F0C423B-0A7E-4807-9AB7-6D39D7E1DDAE}.Release|Any CPU.Build.0 = Release|Any CPU
	EndGlobalSection
	GlobalSection(SolutionProperties) = preSolution
		HideSolutionNode = FALSE
	EndGlobalSection
	GlobalSection(ExtensibilityGlobals) = postSolution
		SolutionGuid = {1196EA88-6CDE-4569-9318-5365B11067B1}
	EndGlobalSection
EndGlobal
